
Microsoft Visual Studio Solution File, Format Version 12.00
# Visual Studio Version 17
VisualStudioVersion = 17.9.34701.34
MinimumVisualStudioVersion = 10.0.40219.1
Project("{FAE04EC0-301F-11D3-BF4B-00C04F79EFBC}") = "Lab4_2280601057", "Lab4_2280601057\Lab4_2280601057.csproj", "{26063516-367D-4A35-99E7-5D26B47EA6DA}"
EndProject
Global
	GlobalSection(SolutionConfigurationPlatforms) = preSolution
		Debug|Any CPU = Debug|Any CPU
		Release|Any CPU = Release|Any CPU
	EndGlobalSection
	GlobalSection(ProjectConfigurationPlatforms) = postSolution
		{26063516-367D-4A35-99E7-5D26B47EA6DA}.Debug|Any CPU.ActiveCfg = Debug|Any CPU
		{26063516-367D-4A35-99E7-5D26B47EA6DA}.Debug|Any CPU.Build.0 = Debug|Any CPU
		{26063516-367D-4A35-99E7-5D26B47EA6DA}.Release|Any CPU.ActiveCfg = Release|Any CPU
		{26063516-367D-4A35-99E7-5D26B47EA6DA}.Release|Any CPU.Build.0 = Release|Any CPU
	EndGlobalSection
	GlobalSection(SolutionProperties) = preSolution
		HideSolutionNode = FALSE
	EndGlobalSection
	GlobalSection(ExtensibilityGlobals) = postSolution
		SolutionGuid = {15DEBA1C-57B9-47A1-AD88-D49AB575AEDF}
	EndGlobalSection
EndGlobal
